{
  "name": "create-deepseek-harness-action",
  "version": "0.2.1",
  "lockfileVersion": 3,
  "requires": true,
  "packages": {
    "": {
      "name": "create-deepseek-harness-action",
      "version": "0.2.1",
      "license": "MIT",
      "bin": {
        "create-deepseek-harness-action": "dist/cli.mjs"
      },
      "engines": {
        "node": ">=20"
      }
    }
  }
}
